Microsoft Visual Studio Solution File, Format Version 10.00
# Visual Studio 2008
Project("{8BC9CEB8-8B4A-11D0-8D11-00A0C91BC942}") = "ItemAssistant", "ItemAssistant\ItemAssistant.vcproj", "{93E190D1-3E5B-4B19-BE87-5A820D7A8B14}"
	ProjectSection(ProjectDependencies) = postProject
		{27846E26-FA81-4B43-997D-62B0338F1A37} = {27846E26-FA81-4B43-997D-62B0338F1A37}
		{370E1E96-79A9-4C9D-83B2-6E8298A90655} = {370E1E96-79A9-4C9D-83B2-6E8298A90655}
		{CE5A4E99-9463-4DD4-B0F4-A4C36168B0C2} = {CE5A4E99-9463-4DD4-B0F4-A4C36168B0C2}
		{85CB52A8-5C89-459C-9175-2D55E93A5375} = {85CB52A8-5C89-459C-9175-2D55E93A5375}
		{CF2ED5B5-5E2B-4BB5-8A68-A95AE576599C} = {CF2ED5B5-5E2B-4BB5-8A68-A95AE576599C}
		{D9EFFCC4-4544-4E8F-9920-2F7CD55D814B} = {D9EFFCC4-4544-4E8F-9920-2F7CD55D814B}
	EndProjectSection
EndProject
Project("{8BC9CEB8-8B4A-11D0-8D11-00A0C91BC942}") = "ItemAssistantHook", "ItemAssistantHook\ItemAssistantHook.vcproj", "{CF2ED5B5-5E2B-4BB5-8A68-A95AE576599C}"
	ProjectSection(ProjectDependencies) = postProject
		{A91EC33D-AC2C-4833-BA5C-5124CEA3B83B} = {A91EC33D-AC2C-4833-BA5C-5124CEA3B83B}
		{370E1E96-79A9-4C9D-83B2-6E8298A90655} = {370E1E96-79A9-4C9D-83B2-6E8298A90655}
	EndProjectSection
EndProject
Project("{8BC9CEB8-8B4A-11D0-8D11-00A0C91BC942}") = "shared", "Shared\shared.vcproj", "{370E1E96-79A9-4C9D-83B2-6E8298A90655}"
EndProject
Project("{8BC9CEB8-8B4A-11D0-8D11-00A0C91BC942}") = "tinyxmlSTL", "Externals\TinyXml\tinyxmlSTL.vcproj", "{CE5A4E99-9463-4DD4-B0F4-A4C36168B0C2}"
EndProject
Project("{8BC9CEB8-8B4A-11D0-8D11-00A0C91BC942}") = "PluginSDK", "PluginSDK\PluginSDK.vcproj", "{27846E26-FA81-4B43-997D-62B0338F1A37}"
EndProject
Project("{8BC9CEB8-8B4A-11D0-8D11-00A0C91BC942}") = "Detours", "Detours\Detours.vcproj", "{A91EC33D-AC2C-4833-BA5C-5124CEA3B83B}"
EndProject
Project("{8BC9CEB8-8B4A-11D0-8D11-00A0C91BC942}") = "AORipper", "AORipper\AORipper.vcproj", "{297D180C-B61D-4336-A206-28D9BD9849BB}"
	ProjectSection(ProjectDependencies) = postProject
		{370E1E96-79A9-4C9D-83B2-6E8298A90655} = {370E1E96-79A9-4C9D-83B2-6E8298A90655}
		{D9EFFCC4-4544-4E8F-9920-2F7CD55D814B} = {D9EFFCC4-4544-4E8F-9920-2F7CD55D814B}
	EndProjectSection
EndProject
Project("{8BC9CEB8-8B4A-11D0-8D11-00A0C91BC942}") = "ItemAssistantCore", "ItemAssistantCore\ItemAssistantCore.vcproj", "{D9EFFCC4-4544-4E8F-9920-2F7CD55D814B}"
	ProjectSection(ProjectDependencies) = postProject
		{370E1E96-79A9-4C9D-83B2-6E8298A90655} = {370E1E96-79A9-4C9D-83B2-6E8298A90655}
	EndProjectSection
EndProject
Project("{2150E333-8FDC-42A3-9474-1A3956D46DE8}") = "libs", "libs", "{E2D40310-9541-4F17-8685-E376F8A07DBB}"
EndProject
Project("{8BC9CEB8-8B4A-11D0-8D11-00A0C91BC942}") = "Setup", "Setup\Setup.vcproj", "{F0BD2730-1728-411D-8936-0C8A4EB07B13}"
	ProjectSection(ProjectDependencies) = postProject
		{93E190D1-3E5B-4B19-BE87-5A820D7A8B14} = {93E190D1-3E5B-4B19-BE87-5A820D7A8B14}
	EndProjectSection
EndProject
Project("{8BC9CEB8-8B4A-11D0-8D11-00A0C91BC942}") = "Parsers", "Parsers\Parsers.vcproj", "{85CB52A8-5C89-459C-9175-2D55E93A5375}"
	ProjectSection(ProjectDependencies) = postProject
		{370E1E96-79A9-4C9D-83B2-6E8298A90655} = {370E1E96-79A9-4C9D-83B2-6E8298A90655}
	EndProjectSection
EndProject
Project("{8BC9CEB8-8B4A-11D0-8D11-00A0C91BC942}") = "ParsersTests", "ParsersTests\ParsersTests.vcproj", "{9B460081-763A-4E1B-B587-E80876E00B4B}"
EndProject
Project("{2150E333-8FDC-42A3-9474-1A3956D46DE8}") = "Tests", "Tests", "{42BFFD48-878D-4BC2-9C5A-561624DB97FB}"
EndProject
Global
	GlobalSection(SolutionConfigurationPlatforms) = preSolution
		Debug|Win32 = Debug|Win32
		Release|Win32 = Release|Win32
	EndGlobalSection
	GlobalSection(ProjectConfigurationPlatforms) = postSolution
		{93E190D1-3E5B-4B19-BE87-5A820D7A8B14}.Debug|Win32.ActiveCfg = Debug|Win32
		{93E190D1-3E5B-4B19-BE87-5A820D7A8B14}.Debug|Win32.Build.0 = Debug|Win32
		{93E190D1-3E5B-4B19-BE87-5A820D7A8B14}.Release|Win32.ActiveCfg = Release|Win32
		{93E190D1-3E5B-4B19-BE87-5A820D7A8B14}.Release|Win32.Build.0 = Release|Win32
		{CF2ED5B5-5E2B-4BB5-8A68-A95AE576599C}.Debug|Win32.ActiveCfg = Debug|Win32
		{CF2ED5B5-5E2B-4BB5-8A68-A95AE576599C}.Debug|Win32.Build.0 = Debug|Win32
		{CF2ED5B5-5E2B-4BB5-8A68-A95AE576599C}.Release|Win32.ActiveCfg = Release|Win32
		{CF2ED5B5-5E2B-4BB5-8A68-A95AE576599C}.Release|Win32.Build.0 = Release|Win32
		{370E1E96-79A9-4C9D-83B2-6E8298A90655}.Debug|Win32.ActiveCfg = Debug|Win32
		{370E1E96-79A9-4C9D-83B2-6E8298A90655}.Debug|Win32.Build.0 = Debug|Win32
		{370E1E96-79A9-4C9D-83B2-6E8298A90655}.Release|Win32.ActiveCfg = Release|Win32
		{370E1E96-79A9-4C9D-83B2-6E8298A90655}.Release|Win32.Build.0 = Release|Win32
		{CE5A4E99-9463-4DD4-B0F4-A4C36168B0C2}.Debug|Win32.ActiveCfg = Debug|Win32
		{CE5A4E99-9463-4DD4-B0F4-A4C36168B0C2}.Debug|Win32.Build.0 = Debug|Win32
		{CE5A4E99-9463-4DD4-B0F4-A4C36168B0C2}.Release|Win32.ActiveCfg = Release|Win32
		{CE5A4E99-9463-4DD4-B0F4-A4C36168B0C2}.Release|Win32.Build.0 = Release|Win32
		{27846E26-FA81-4B43-997D-62B0338F1A37}.Debug|Win32.ActiveCfg = Debug|Win32
		{27846E26-FA81-4B43-997D-62B0338F1A37}.Debug|Win32.Build.0 = Debug|Win32
		{27846E26-FA81-4B43-997D-62B0338F1A37}.Release|Win32.ActiveCfg = Release|Win32
		{27846E26-FA81-4B43-997D-62B0338F1A37}.Release|Win32.Build.0 = Release|Win32
		{A91EC33D-AC2C-4833-BA5C-5124CEA3B83B}.Debug|Win32.ActiveCfg = Debug|Win32
		{A91EC33D-AC2C-4833-BA5C-5124CEA3B83B}.Debug|Win32.Build.0 = Debug|Win32
		{A91EC33D-AC2C-4833-BA5C-5124CEA3B83B}.Release|Win32.ActiveCfg = Release|Win32
		{A91EC33D-AC2C-4833-BA5C-5124CEA3B83B}.Release|Win32.Build.0 = Release|Win32
		{297D180C-B61D-4336-A206-28D9BD9849BB}.Debug|Win32.ActiveCfg = Debug|Win32
		{297D180C-B61D-4336-A206-28D9BD9849BB}.Debug|Win32.Build.0 = Debug|Win32
		{297D180C-B61D-4336-A206-28D9BD9849BB}.Release|Win32.ActiveCfg = Release|Win32
		{297D180C-B61D-4336-A206-28D9BD9849BB}.Release|Win32.Build.0 = Release|Win32
		{D9EFFCC4-4544-4E8F-9920-2F7CD55D814B}.Debug|Win32.ActiveCfg = Debug|Win32
		{D9EFFCC4-4544-4E8F-9920-2F7CD55D814B}.Debug|Win32.Build.0 = Debug|Win32
		{D9EFFCC4-4544-4E8F-9920-2F7CD55D814B}.Release|Win32.ActiveCfg = Release|Win32
		{D9EFFCC4-4544-4E8F-9920-2F7CD55D814B}.Release|Win32.Build.0 = Release|Win32
		{F0BD2730-1728-411D-8936-0C8A4EB07B13}.Debug|Win32.ActiveCfg = Debug|Win32
		{F0BD2730-1728-411D-8936-0C8A4EB07B13}.Release|Win32.ActiveCfg = Release|Win32
		{F0BD2730-1728-411D-8936-0C8A4EB07B13}.Release|Win32.Build.0 = Release|Win32
		{85CB52A8-5C89-459C-9175-2D55E93A5375}.Debug|Win32.ActiveCfg = Debug|Win32
		{85CB52A8-5C89-459C-9175-2D55E93A5375}.Debug|Win32.Build.0 = Debug|Win32
		{85CB52A8-5C89-459C-9175-2D55E93A5375}.Release|Win32.ActiveCfg = Release|Win32
		{85CB52A8-5C89-459C-9175-2D55E93A5375}.Release|Win32.Build.0 = Release|Win32
		{9B460081-763A-4E1B-B587-E80876E00B4B}.Debug|Win32.ActiveCfg = Debug|Win32
		{9B460081-763A-4E1B-B587-E80876E00B4B}.Debug|Win32.Build.0 = Debug|Win32
		{9B460081-763A-4E1B-B587-E80876E00B4B}.Release|Win32.ActiveCfg = Release|Win32
		{9B460081-763A-4E1B-B587-E80876E00B4B}.Release|Win32.Build.0 = Release|Win32
	EndGlobalSection
	GlobalSection(SolutionProperties) = preSolution
		HideSolutionNode = FALSE
	EndGlobalSection
	GlobalSection(NestedProjects) = preSolution
		{CE5A4E99-9463-4DD4-B0F4-A4C36168B0C2} = {E2D40310-9541-4F17-8685-E376F8A07DBB}
		{27846E26-FA81-4B43-997D-62B0338F1A37} = {E2D40310-9541-4F17-8685-E376F8A07DBB}
		{A91EC33D-AC2C-4833-BA5C-5124CEA3B83B} = {E2D40310-9541-4F17-8685-E376F8A07DBB}
		{370E1E96-79A9-4C9D-83B2-6E8298A90655} = {E2D40310-9541-4F17-8685-E376F8A07DBB}
		{85CB52A8-5C89-459C-9175-2D55E93A5375} = {E2D40310-9541-4F17-8685-E376F8A07DBB}
		{9B460081-763A-4E1B-B587-E80876E00B4B} = {42BFFD48-878D-4BC2-9C5A-561624DB97FB}
	EndGlobalSection
EndGlobal
